
Microsoft Visual Studio Solution File, Format Version 12.00
# Visual Studio Version 16
VisualStudioVersion = 16.0.30907.101
MinimumVisualStudioVersion = 10.0.40219.1
Project("{FAE04EC0-301F-11D3-BF4B-00C04F79EFBC}") = "CommTerminal", "CommTerminal\CommTerminal.csproj", "{0643C207-3E09-4F89-A064-DAD48115F4F3}"
EndProject
Global
	GlobalSection(SolutionConfigurationPlatforms) = preSolution
		Debug|Any CPU = Debug|Any CPU
		Release|Any CPU = Release|Any CPU
	EndGlobalSection
	GlobalSection(ProjectConfigurationPlatforms) = postSolution
		{0643C207-3E09-4F89-A064-DAD48115F4F3}.Debug|Any CPU.ActiveCfg = Debug|Any CPU
		{0643C207-3E09-4F89-A064-DAD48115F4F3}.Debug|Any CPU.Build.0 = Debug|Any CPU
		{0643C207-3E09-4F89-A064-DAD48115F4F3}.Release|Any CPU.ActiveCfg = Release|Any CPU
		{0643C207-3E09-4F89-A064-DAD48115F4F3}.Release|Any CPU.Build.0 = Release|Any CPU
	EndGlobalSection
	GlobalSection(SolutionProperties) = preSolution
		HideSolutionNode = FALSE
	EndGlobalSection
	GlobalSection(ExtensibilityGlobals) = postSolution
		SolutionGuid = {D2F1064A-D1A5-49C2-9957-0E1F57F639B0}
	EndGlobalSection
EndGlobal
